
Microsoft Visual Studio Solution File, Format Version 12.00
# Visual Studio Version 17
VisualStudioVersion = 17.14.36310.24 d17.14
MinimumVisualStudioVersion = 10.0.40219.1
Project("{FAE04EC0-301F-11D3-BF4B-00C04F79EFBC}") = "desktopApp1", "desktopApp1\desktopApp1.csproj", "{D1C3B855-A572-48C3-B4C5-66E8B148804B}"
EndProject
Global
	GlobalSection(SolutionConfigurationPlatforms) = preSolution
		Debug|Any CPU = Debug|Any CPU
		Release|Any CPU = Release|Any CPU
	EndGlobalSection
	GlobalSection(ProjectConfigurationPlatforms) = postSolution
		{D1C3B855-A572-48C3-B4C5-66E8B148804B}.Debug|Any CPU.ActiveCfg = Debug|Any CPU
		{D1C3B855-A572-48C3-B4C5-66E8B148804B}.Debug|Any CPU.Build.0 = Debug|Any CPU
		{D1C3B855-A572-48C3-B4C5-66E8B148804B}.Release|Any CPU.ActiveCfg = Release|Any CPU
		{D1C3B855-A572-48C3-B4C5-66E8B148804B}.Release|Any CPU.Build.0 = Release|Any CPU
	EndGlobalSection
	GlobalSection(SolutionProperties) = preSolution
		HideSolutionNode = FALSE
	EndGlobalSection
	GlobalSection(ExtensibilityGlobals) = postSolution
		SolutionGuid = {8B8F5948-DE6D-41E0-B965-C1FC8ED4AC45}
	EndGlobalSection
EndGlobal
